
Microsoft Visual Studio Solution File, Format Version 12.00
# Visual Studio Version 17
VisualStudioVersion = 17.3.32901.215
MinimumVisualStudioVersion = 10.0.40219.1
Project("{FAE04EC0-301F-11D3-BF4B-00C04F79EFBC}") = "BuildPizzaApplication", "BuildPizzaApplication.csproj", "{BA973C70-ADB7-4BA7-A0A9-675489D8FC25}"
EndProject
Global
	GlobalSection(SolutionConfigurationPlatforms) = preSolution
		Debug|Any CPU = Debug|Any CPU
		Release|Any CPU = Release|Any CPU
	EndGlobalSection
	GlobalSection(ProjectConfigurationPlatforms) = postSolution
		{BA973C70-ADB7-4BA7-A0A9-675489D8FC25}.Debug|Any CPU.ActiveCfg = Debug|Any CPU
		{BA973C70-ADB7-4BA7-A0A9-675489D8FC25}.Debug|Any CPU.Build.0 = Debug|Any CPU
		{BA973C70-ADB7-4BA7-A0A9-675489D8FC25}.Release|Any CPU.ActiveCfg = Release|Any CPU
		{BA973C70-ADB7-4BA7-A0A9-675489D8FC25}.Release|Any CPU.Build.0 = Release|Any CPU
	EndGlobalSection
	GlobalSection(SolutionProperties) = preSolution
		HideSolutionNode = FALSE
	EndGlobalSection
	GlobalSection(ExtensibilityGlobals) = postSolution
		SolutionGuid = {A2ED6982-C840-45D1-A438-DF421D2923F0}
	EndGlobalSection
EndGlobal
